
Microsoft Visual Studio Solution File, Format Version 12.00
# Visual Studio Version 17
VisualStudioVersion = 17.14.37516.0
MinimumVisualStudioVersion = 10.0.40219.1
Project("{FAE04EC0-301F-11D3-BF4B-00C04F79EFBC}") = "SingleStage", "SingleStage\SingleStage.csproj", "{BF436583-CE39-4DC8-955C-FA7B29E81EA1}"
EndProject
Project("{FAE04EC0-301F-11D3-BF4B-00C04F79EFBC}") = "SingleStage.Tests", "SingleStage.Tests\SingleStage.Tests.csproj", "{134CC9C3-A128-45AB-A1D8-8AD88AA36D79}"
EndProject
Global
	GlobalSection(SolutionConfigurationPlatforms) = preSolution
		Debug|Any CPU = Debug|Any CPU
		Release|Any CPU = Release|Any CPU
	EndGlobalSection
	GlobalSection(ProjectConfigurationPlatforms) = postSolution
		{BF436583-CE39-4DC8-955C-FA7B29E81EA1}.Debug|Any CPU.ActiveCfg = Debug|Any CPU
		{BF436583-CE39-4DC8-955C-FA7B29E81EA1}.Debug|Any CPU.Build.0 = Debug|Any CPU
		{BF436583-CE39-4DC8-955C-FA7B29E81EA1}.Release|Any CPU.ActiveCfg = Release|Any CPU
		{BF436583-CE39-4DC8-955C-FA7B29E81EA1}.Release|Any CPU.Build.0 = Release|Any CPU
		{134CC9C3-A128-45AB-A1D8-8AD88AA36D79}.Debug|Any CPU.ActiveCfg = Debug|Any CPU
		{134CC9C3-A128-45AB-A1D8-8AD88AA36D79}.Debug|Any CPU.Build.0 = Debug|Any CPU
		{134CC9C3-A128-45AB-A1D8-8AD88AA36D79}.Release|Any CPU.ActiveCfg = Release|Any CPU
		{134CC9C3-A128-45AB-A1D8-8AD88AA36D79}.Release|Any CPU.Build.0 = Release|Any CPU
	EndGlobalSection
	GlobalSection(SolutionProperties) = preSolution
		HideSolutionNode = FALSE
	EndGlobalSection
	GlobalSection(ExtensibilityGlobals) = postSolution
		SolutionGuid = {9834F9F3-E865-4535-94CC-99EEB53E6EEF}
	EndGlobalSection
EndGlobal
